
Microsoft Visual Studio Solution File, Format Version 12.00
# Visual Studio Version 17
VisualStudioVersion = 17.0.31903.59
MinimumVisualStudioVersion = 10.0.40219.1
Project("{FAE04EC0-301F-11D3-BF4B-00C04F79EFBC}") = "ProjectPulse", "ProjectPulse\ProjectPulse.csproj", "{7D892CC2-56A0-47F9-B2F1-D2A6EC8A2796}"
EndProject
Project("{FAE04EC0-301F-11D3-BF4B-00C04F79EFBC}") = "PulseServer", "PulseServer\PulseServer.csproj", "{8AA76B28-4FC7-4CEF-9120-AE4E9DEE80E3}"
EndProject
Global
	GlobalSection(SolutionConfigurationPlatforms) = preSolution
		Debug|Any CPU = Debug|Any CPU
		Release|Any CPU = Release|Any CPU
	EndGlobalSection
	GlobalSection(ProjectConfigurationPlatforms) = postSolution
		{7D892CC2-56A0-47F9-B2F1-D2A6EC8A2796}.Debug|Any CPU.ActiveCfg = Debug|Any CPU
		{7D892CC2-56A0-47F9-B2F1-D2A6EC8A2796}.Debug|Any CPU.Build.0 = Debug|Any CPU
		{7D892CC2-56A0-47F9-B2F1-D2A6EC8A2796}.Release|Any CPU.ActiveCfg = Release|Any CPU
		{7D892CC2-56A0-47F9-B2F1-D2A6EC8A2796}.Release|Any CPU.Build.0 = Release|Any CPU
		{8AA76B28-4FC7-4CEF-9120-AE4E9DEE80E3}.Debug|Any CPU.ActiveCfg = Debug|Any CPU
		{8AA76B28-4FC7-4CEF-9120-AE4E9DEE80E3}.Debug|Any CPU.Build.0 = Debug|Any CPU
		{8AA76B28-4FC7-4CEF-9120-AE4E9DEE80E3}.Release|Any CPU.ActiveCfg = Release|Any CPU
		{8AA76B28-4FC7-4CEF-9120-AE4E9DEE80E3}.Release|Any CPU.Build.0 = Release|Any CPU
	EndGlobalSection
	GlobalSection(SolutionProperties) = preSolution
		HideSolutionNode = FALSE
	EndGlobalSection
EndGlobal
